
Microsoft Visual Studio Solution File, Format Version 12.00
# Visual Studio 15
VisualStudioVersion = 15.0.27703.2035
MinimumVisualStudioVersion = 10.0.40219.1
Project("{FAE04EC0-301F-11D3-BF4B-00C04F79EFBC}") = "MVC", "MVC\MVC.csproj", "{C09AFD5D-4464-4510-A42A-A640A3A50CB1}"
EndProject
Project("{FAE04EC0-301F-11D3-BF4B-00C04F79EFBC}") = "HotelConsole", "HotelConsole\HotelConsole.csproj", "{ED4A8C59-F399-43B2-A4C1-BC4416B1441D}"
EndProject
Global
	GlobalSection(SolutionConfigurationPlatforms) = preSolution
		Debug|Any CPU = Debug|Any CPU
		Release|Any CPU = Release|Any CPU
	EndGlobalSection
	GlobalSection(ProjectConfigurationPlatforms) = postSolution
		{C09AFD5D-4464-4510-A42A-A640A3A50CB1}.Debug|Any CPU.ActiveCfg = Debug|Any CPU
		{C09AFD5D-4464-4510-A42A-A640A3A50CB1}.Debug|Any CPU.Build.0 = Debug|Any CPU
		{C09AFD5D-4464-4510-A42A-A640A3A50CB1}.Release|Any CPU.ActiveCfg = Release|Any CPU
		{C09AFD5D-4464-4510-A42A-A640A3A50CB1}.Release|Any CPU.Build.0 = Release|Any CPU
		{ED4A8C59-F399-43B2-A4C1-BC4416B1441D}.Debug|Any CPU.ActiveCfg = Debug|Any CPU
		{ED4A8C59-F399-43B2-A4C1-BC4416B1441D}.Debug|Any CPU.Build.0 = Debug|Any CPU
		{ED4A8C59-F399-43B2-A4C1-BC4416B1441D}.Release|Any CPU.ActiveCfg = Release|Any CPU
		{ED4A8C59-F399-43B2-A4C1-BC4416B1441D}.Release|Any CPU.Build.0 = Release|Any CPU
	EndGlobalSection
	GlobalSection(SolutionProperties) = preSolution
		HideSolutionNode = FALSE
	EndGlobalSection
	GlobalSection(ExtensibilityGlobals) = postSolution
		SolutionGuid = {B01A86D0-56C7-444E-A10B-68351FB986B5}
	EndGlobalSection
EndGlobal
